
Microsoft Visual Studio Solution File, Format Version 12.00
# Visual Studio Version 17
VisualStudioVersion = 17.7.34003.232
MinimumVisualStudioVersion = 10.0.40219.1
Project("{9A19103F-16F7-4668-BE54-9A1E7A4F7556}") = "PublicUtilities", "PublicUtilities\PublicUtilities.csproj", "{55D1B761-A8C4-4C8B-9D28-B2D3DF99E24E}"
EndProject
Project("{9A19103F-16F7-4668-BE54-9A1E7A4F7556}") = "PublicUtilities.Test", "PublicUtilities.Test\PublicUtilities.Test.csproj", "{301DCB78-5F34-4408-B1B4-F80BD57668CD}"
EndProject
Global
	GlobalSection(SolutionConfigurationPlatforms) = preSolution
		Debug|Any CPU = Debug|Any CPU
		Release|Any CPU = Release|Any CPU
	EndGlobalSection
	GlobalSection(ProjectConfigurationPlatforms) = postSolution
		{55D1B761-A8C4-4C8B-9D28-B2D3DF99E24E}.Debug|Any CPU.ActiveCfg = Debug|Any CPU
		{55D1B761-A8C4-4C8B-9D28-B2D3DF99E24E}.Debug|Any CPU.Build.0 = Debug|Any CPU
		{55D1B761-A8C4-4C8B-9D28-B2D3DF99E24E}.Release|Any CPU.ActiveCfg = Release|Any CPU
		{55D1B761-A8C4-4C8B-9D28-B2D3DF99E24E}.Release|Any CPU.Build.0 = Release|Any CPU
		{301DCB78-5F34-4408-B1B4-F80BD57668CD}.Debug|Any CPU.ActiveCfg = Debug|Any CPU
		{301DCB78-5F34-4408-B1B4-F80BD57668CD}.Debug|Any CPU.Build.0 = Debug|Any CPU
		{301DCB78-5F34-4408-B1B4-F80BD57668CD}.Release|Any CPU.ActiveCfg = Release|Any CPU
		{301DCB78-5F34-4408-B1B4-F80BD57668CD}.Release|Any CPU.Build.0 = Release|Any CPU
	EndGlobalSection
	GlobalSection(SolutionProperties) = preSolution
		HideSolutionNode = FALSE
	EndGlobalSection
	GlobalSection(ExtensibilityGlobals) = postSolution
		SolutionGuid = {C19F1D11-F990-469A-847E-380C422E3AD1}
	EndGlobalSection
EndGlobal
